// !$*UTF8*$!
{
	archiveVersion = 1;
	classes = {
	};
	objectVersion = 46;
	objects = {

/* Begin PBXBuildFile section */
		52C8594B1DE398870048F047 /* main.m in Sources */ = {isa = PBXBuildFile; fileRef = 52C8594A1DE398870048F047 /* main.m */; };
		52C8594E1DE398870048F047 /* AppDelegate.m in Sources */ = {isa = PBXBuildFile; fileRef = 52C8594D1DE398870048F047 /* AppDelegate.m */; };
		52C859511DE398870048F047 /* ViewController.m in Sources */ = {isa = PBXBuildFile; fileRef = 52C859501DE398870048F047 /* ViewController.m */; };
		52C859541DE398870048F047 /* Main.storyboard in Resources */ = {isa = PBXBuildFile; fileRef = 52C859521DE398870048F047 /* Main.storyboard */; };
		52C859561DE398870048F047 /* Assets.xcassets in Resources */ = {isa = PBXBuildFile; fileRef = 52C859551DE398870048F047 /* Assets.xcassets */; };
		52C859591DE398870048F047 /* LaunchScreen.storyboard in Resources */ = {isa = PBXBuildFile; fileRef = 52C859571DE398870048F047 /* LaunchScreen.storyboard */; };
/* End PBXBuildFile section */

/* Begin PBXFileReference section */
		52C859461DE398870048F047 /* iPhoneImages.app */ = {isa = PBXFileReference; explicitFileType = wrapper.application; includeInIndex = 0; path = iPhoneImages.app; sourceTree = BUILT_PRODUCTS_DIR; };
		52C8594A1DE398870048F047 /* main.m */ = {isa = PBXFileReference; lastKnownFileType = sourcecode.c.objc; path = main.m; sourceTree = "<group>"; };
		52C8594C1DE398870048F047 /* AppDelegate.h */ = {isa = PBXFileReference; lastKnownFileType = sourcecode.c.h; path = AppDelegate.h; sourceTree = "<group>"; };
		52C8594D1DE398870048F047 /* AppDelegate.m */ = {isa = PBXFileReference; lastKnownFileType = sourcecode.c.objc; path = AppDelegate.m; sourceTree = "<group>"; };
		52C8594F1DE398870048F047 /* ViewController.h */ = {isa = PBXFileReference; lastKnownFileType = sourcecode.c.h; path = ViewController.h; sourceTree = "<group>"; };
		52C859501DE398870048F047 /* ViewController.m */ = {isa = PBXFileReference; lastKnownFileType = sourcecode.c.objc; path = ViewController.m; sourceTree = "<group>"; };
		52C859531DE398870048F047 /* Base */ = {isa = PBXFileReference; lastKnownFileType = file.storyboard; name = Base; path = Base.lproj/Main.storyboard; sourceTree = "<group>"; };
		52C859551DE398870048F047 /* Assets.xcassets */ = {isa = PBXFileReference; lastKnownFileType = folder.assetcatalog; path = Assets.xcassets; sourceTree = "<group>"; };
		52C859581DE398870048F047 /* Base */ = {isa = PBXFileReference; lastKnownFileType = file.storyboard; name = Base; path = Base.lproj/LaunchScreen.storyboard; sourceTree = "<group>"; };
		52C8595A1DE398870048F047 /* Info.plist */ = {isa = PBXFileReference; lastKnownFileType = text.plist.xml; path = Info.plist; sourceTree = "<group>"; };
/* End PBXFileReference section */

/* Begin PBXFrameworksBuildPhase section */
		52C859431DE398870048F047 /* Frameworks */ = {
			isa = PBXFrameworksBuildPhase;
			buildActionMask = 2147483647;
			files = (
			);
			runOnlyForDeploymentPostprocessing = 0;
		};
/* End PBXFrameworksBuildPhase section */

/* Begin PBXGroup section */
		52C8593D1DE398870048F047 = {
			isa = PBXGroup;
			children = (
				52C859481DE398870048F047 /* iPhoneImages */,
				52C859471DE398870048F047 /* Products */,
			);
			sourceTree = "<group>";
		};
		52C859471DE398870048F047 /* Products */ = {
			isa = PBXGroup;
			children = (
				52C859461DE398870048F047 /* iPhoneImages.app */,
			);
			name = Products;
			sourceTree = "<group>";
		};
		52C859481DE398870048F047 /* iPhoneImages */ = {
			isa = PBXGroup;
			children = (
				52C8594C1DE398870048F047 /* AppDelegate.h */,
				52C8594D1DE398870048F047 /* AppDelegate.m */,
				52C8594F1DE398870048F047 /* ViewController.h */,
				52C859501DE398870048F047 /* ViewController.m */,
				52C859521DE398870048F047 /* Main.storyboard */,
				52C859551DE398870048F047 /* Assets.xcassets */,
				52C859571DE398870048F047 /* LaunchScreen.storyboard */,
				52C8595A1DE398870048F047 /* Info.plist */,
				52C859491DE398870048F047 /* Supporting Files */,
			);
			path = iPhoneImages;
			sourceTree = "<group>";
		};
		52C859491DE398870048F047 /* Supporting Files */ = {
			isa = PBXGroup;
			children = (
				52C8594A1DE398870048F047 /* main.m */,
			);
			name = "Supporting Files";
			sourceTree = "<group>";
		};
/* End PBXGroup section */

/* Begin PBXNativeTarget section */
		52C859451DE398870048F047 /* iPhoneImages */ = {
			isa = PBXNativeTarget;
			buildConfigurationList = 52C8595D1DE398870048F047 /* Build configuration list for PBXNativeTarget "iPhoneImages" */;
			buildPhases = (
				52C859421DE398870048F047 /* Sources */,
				52C859431DE398870048F047 /* Frameworks */,
				52C859441DE398870048F047 /* Resources */,
			);
			buildRules = (
			);
			dependencies = (
			);
			name = iPhoneImages;
			productName = iPhoneImages;
			productReference = 52C859461DE398870048F047 /* iPhoneImages.app */;
			productType = "com.apple.product-type.application";
		};
/* End PBXNativeTarget section */

/* Begin PBXProject section */
		52C8593E1DE398870048F047 /* Project object */ = {
			isa = PBXProject;
			attributes = {
				LastUpgradeCheck = 0810;
				ORGANIZATIONNAME = "Justine Herman";
				TargetAttributes = {
					52C859451DE398870048F047 = {
						CreatedOnToolsVersion = 8.1;
						ProvisioningStyle = Automatic;
					};
				};
			};
			buildConfigurationList = 52C859411DE398870048F047 /* Build configuration list for PBXProject "iPhoneImages" */;
			compatibilityVersion = "Xcode 3.2";
			developmentRegion = English;
			hasScannedForEncodings = 0;
			knownRegions = (
				en,
				Base,
			);
			mainGroup = 52C8593D1DE398870048F047;
			productRefGroup = 52C859471DE398870048F047 /* Products */;
			projectDirPath = "";
			projectRoot = "";
			targets = (
				52C859451DE398870048F047 /* iPhoneImages */,
			);
		};
/* End PBXProject section */

/* Begin PBXResourcesBuildPhase section */
		52C859441DE398870048F047 /* Resources */ = {
			isa = PBXResourcesBuildPhase;
			buildActionMask = 2147483647;
			files = (
				52C859591DE398870048F047 /* LaunchScreen.storyboard in Resources */,
				52C859561DE398870048F047 /* Assets.xcassets in Resources */,
				52C859541DE398870048F047 /* Main.storyboard in Resources */,
			);
			runOnlyForDeploymentPostprocessing = 0;
		};
/* End PBXResourcesBuildPhase section */

/* Begin PBXSourcesBuildPhase section */
		52C859421DE398870048F047 /* Sources */ = {
			isa = PBXSourcesBuildPhase;
			buildActionMask = 2147483647;
			files = (
				52C859511DE398870048F047 /* ViewController.m in Sources */,
				52C8594E1DE398870048F047 /* AppDelegate.m in Sources */,
				52C8594B1DE398870048F047 /* main.m in Sources */,
			);
			runOnlyForDeploymentPostprocessing = 0;
		};
/* End PBXSourcesBuildPhase section */

/* Begin PBXVariantGroup section */
		52C859521DE398870048F047 /* Main.storyboard */ = {
			isa = PBXVariantGroup;
			children = (
				52C859531DE398870048F047 /* Base */,
			);
			name = Main.storyboard;
			sourceTree = "<group>";
		};
		52C859571DE398870048F047 /* LaunchScreen.storyboard */ = {
			isa = PBXVariantGroup;
			children = (
				52C859581DE398870048F047 /* Base */,
			);
			name = LaunchScreen.storyboard;
			sourceTree = "<group>";
		};
/* End PBXVariantGroup section */

/* Begin XCBuildConfiguration section */
		52C8595B1DE398870048F047 /* Debug */ = {
			isa = XCBuildConfiguration;
			buildSettings = {
				ALWAYS_SEARCH_USER_PATHS = NO;
				CLANG_ANALYZER_NONNULL = YES;
				CLANG_CXX_LANGUAGE_STANDARD = "gnu++0x";
				CLANG_CXX_LIBRARY = "libc++";
				CLANG_ENABLE_MODULES = YES;
				CLANG_ENABLE_OBJC_ARC = YES;
				CLANG_WARN_BOOL_CONVERSION = YES;
				CLANG_WARN_CONSTANT_CONVERSION = YES;
				CLANG_WARN_DIRECT_OBJC_ISA_USAGE = YES_ERROR;
				CLANG_WARN_DOCUMENTATION_COMMENTS = YES;
				CLANG_WARN_EMPTY_BODY = YES;
				CLANG_WARN_ENUM_CONVERSION = YES;
				CLANG_WARN_INFINITE_RECURSION = YES;
				CLANG_WARN_INT_CONVERSION = YES;
				CLANG_WARN_OBJC_ROOT_CLASS = YES_ERROR;
				CLANG_WARN_SUSPICIOUS_MOVES = YES;
				CLANG_WARN_UNREACHABLE_CODE = YES;
				CLANG_WARN__DUPLICATE_METHOD_MATCH = YES;
				"CODE_SIGN_IDENTITY[sdk=iphoneos*]" = "iPhone Developer";
				COPY_PHASE_STRIP = NO;
				DEBUG_INFORMATION_FORMAT = dwarf;
				ENABLE_STRICT_OBJC_MSGSEND = YES;
				ENABLE_TESTABILITY = YES;
				GCC_C_LANGUAGE_STANDARD = gnu99;
				GCC_DYNAMIC_NO_PIC = NO;
				GCC_NO_COMMON_BLOCKS = YES;
				GCC_OPTIMIZATION_LEVEL = 0;
				GCC_PREPROCESSOR_DEFINITIONS = (
					"DEBUG=1",
					"$(inherited)",
				);
				GCC_WARN_64_TO_32_BIT_CONVERSION = YES;
				GCC_WARN_ABOUT_RETURN_TYPE = YES_ERROR;
				GCC_WARN_UNDECLARED_SELECTOR = YES;
				GCC_WARN_UNINITIALIZED_AUTOS = YES_AGGRESSIVE;
				GCC_WARN_UNUSED_FUNCTION = YES;
				GCC_WARN_UNUSED_VARIABLE = YES;
				IPHONEOS_DEPLOYMENT_TARGET = 10.1;
				MTL_ENABLE_DEBUG_INFO = YES;
				ONLY_ACTIVE_ARCH = YES;
				SDKROOT = iphoneos;
			};
			name = Debug;
		};
		52C8595C1DE398870048F047 /* Release */ = {
			isa = XCBuildConfiguration;
			buildSettings = {
				ALWAYS_SEARCH_USER_PATHS = NO;
				CLANG_ANALYZER_NONNULL = YES;
				CLANG_CXX_LANGUAGE_STANDARD = "gnu++0x";
				CLANG_CXX_LIBRARY = "libc++";
				CLANG_ENABLE_MODULES = YES;
				CLANG_ENABLE_OBJC_ARC = YES;
				CLANG_WARN_BOOL_CONVERSION = YES;
				CLANG_WARN_CONSTANT_CONVERSION = YES;
				CLANG_WARN_DIRECT_OBJC_ISA_USAGE = YES_ERROR;
				CLANG_WARN_DOCUMENTATION_COMMENTS = YES;
				CLANG_WARN_EMPTY_BODY = YES;
				CLANG_WARN_ENUM_CONVERSION = YES;
				CLANG_WARN_INFINITE_RECURSION = YES;
				CLANG_WARN_INT_CONVERSION = YES;
				CLANG_WARN_OBJC_ROOT_CLASS = YES_ERROR;
				CLANG_WARN_SUSPICIOUS_MOVES = YES;
				CLANG_WARN_UNREACHABLE_CODE = YES;
				CLANG_WARN__DUPLICATE_METHOD_MATCH = YES;
				"CODE_SIGN_IDENTITY[sdk=iphoneos*]" = "iPhone Developer";
				COPY_PHASE_STRIP = NO;
				DEBUG_INFORMATION_FORMAT = "dwarf-with-dsym";
				ENABLE_NS_ASSERTIONS = NO;
				ENABLE_STRICT_OBJC_MSGSEND = YES;
				GCC_C_LANGUAGE_STANDARD = gnu99;
				GCC_NO_COMMON_BLOCKS = YES;
				GCC_WARN_64_TO_32_BIT_CONVERSION = YES;
				GCC_WARN_ABOUT_RETURN_TYPE = YES_ERROR;
				GCC_WARN_UNDECLARED_SELECTOR = YES;
				GCC_WARN_UNINITIALIZED_AUTOS = YES_AGGRESSIVE;
				GCC_WARN_UNUSED_FUNCTION = YES;
				GCC_WARN_UNUSED_VARIABLE = YES;
				IPHONEOS_DEPLOYMENT_TARGET = 10.1;
				MTL_ENABLE_DEBUG_INFO = NO;
				SDKROOT = iphoneos;
				VALIDATE_PRODUCT = YES;
			};
			name = Release;
		};
		52C8595E1DE398870048F047 /* Debug */ = {
			isa = XCBuildConfiguration;
			buildSettings = {
				ASSETCATALOG_COMPILER_APPICON_NAME = AppIcon;
				INFOPLIST_FILE = iPhoneImages/Info.plist;
				LD_RUNPATH_SEARCH_PATHS = "$(inherited) @executable_path/Frameworks";
				PRODUCT_BUNDLE_IDENTIFIER = com.justineherman.iPhoneImages;
				PRODUCT_NAME = "$(TARGET_NAME)";
			};
			name = Debug;
		};
		52C8595F1DE398870048F047 /* Release */ = {
			isa = XCBuildConfiguration;
			buildSettings = {
				ASSETCATALOG_COMPILER_APPICON_NAME = AppIcon;
				INFOPLIST_FILE = iPhoneImages/Info.plist;
				LD_RUNPATH_SEARCH_PATHS = "$(inherited) @executable_path/Frameworks";
				PRODUCT_BUNDLE_IDENTIFIER = com.justineherman.iPhoneImages;
				PRODUCT_NAME = "$(TARGET_NAME)";
			};
			name = Release;
		};
/* End XCBuildConfiguration section */

/* Begin XCConfigurationList section */
		52C859411DE398870048F047 /* Build configuration list for PBXProject "iPhoneImages" */ = {
			isa = XCConfigurationList;
			buildConfigurations = (
				52C8595B1DE398870048F047 /* Debug */,
				52C8595C1DE398870048F047 /* Release */,
			);
			defaultConfigurationIsVisible = 0;
			defaultConfigurationName = Release;
		};
		52C8595D1DE398870048F047 /* Build configuration list for PBXNativeTarget "iPhoneImages" */ = {
			isa = XCConfigurationList;
			buildConfigurations = (
				52C8595E1DE398870048F047 /* Debug */,
				52C8595F1DE398870048F047 /* Release */,
			);
			defaultConfigurationIsVisible = 0;
		};
/* End XCConfigurationList section */
	};
	rootObject = 52C8593E1DE398870048F047 /* Project object */;
}
